<?xml version="1.0" encoding="utf-8"?>
<Project ToolsVersion="4.0" xmlns="http://schemas.microsoft.com/developer/msbuild/2003">
  <ItemGroup>
    <Filter Include="ソース ファイル">
      <UniqueIdentifier>{4FC737F1-C7A5-4376-A066-2A32D752A2FF}</UniqueIdentifier>
      <Extensions>cpp;c;cc;cxx;c++;cppm;ixx;def;odl;idl;hpj;bat;asm;asmx</Extensions>
    </Filter>
    <Filter Include="ヘッダー ファイル">
      <UniqueIdentifier>{93995380-89BD-4b04-88EB-625FBE52EBFB}</UniqueIdentifier>
      <Extensions>h;hh;hpp;hxx;h++;hm;inl;inc;ipp;xsd</Extensions>
    </Filter>
    <Filter Include="リソース ファイル">
      <UniqueIdentifier>{67DA6AB6-F800-4c08-8B7A-83BB121AAD01}</UniqueIdentifier>
      <Extensions>rc;ico;cur;bmp;dlg;rc2;rct;bin;rgs;gif;jpg;jpeg;jpe;resx;tiff;tif;png;wav;mfcribbon-ms</Extensions>
    </Filter>
    <Filter Include="imgui">
      <UniqueIdentifier>{eae45c1f-a439-4bcf-aee0-54ea248b20e0}</UniqueIdentifier>
    </Filter>
    <Filter Include="シェーダーファイル">
      <UniqueIdentifier>{4386c147-842a-479b-98bb-dffbead0deeb}</UniqueIdentifier>
    </Filter>
    <Filter Include="ソース ファイル\engine">
      <UniqueIdentifier>{324957e7-014e-4fd4-a6a7-cf9972612083}</UniqueIdentifier>
    </Filter>
    <Filter Include="ソース ファイル\engine\2d">
      <UniqueIdentifier>{a2829ef2-3f86-4d09-9ceb-2a392c8bd0a8}</UniqueIdentifier>
    </Filter>
    <Filter Include="ソース ファイル\engine\3d">
      <UniqueIdentifier>{24a9bc78-aff7-4acb-959b-373429c7db3e}</UniqueIdentifier>
    </Filter>
    <Filter Include="ソース ファイル\engine\base">
      <UniqueIdentifier>{b1d3f595-6a82-458c-87e0-f05c40dac0a9}</UniqueIdentifier>
    </Filter>
    <Filter Include="ソース ファイル\engine\math">
      <UniqueIdentifier>{01953c70-895a-4eed-b9f2-843c71a6874d}</UniqueIdentifier>
    </Filter>
    <Filter Include="ソース ファイル\engine\io">
      <UniqueIdentifier>{c69da387-d1fc-4f34-98e7-148f736e08a3}</UniqueIdentifier>
    </Filter>
    <Filter Include="ソース ファイル\engine\input">
      <UniqueIdentifier>{c5c2b255-e990-450c-afe1-852ee7b75d5e}</UniqueIdentifier>
    </Filter>
    <Filter Include="ヘッダー ファイル\engine">
      <UniqueIdentifier>{5849415a-180c-4bd3-bfa9-aa9509fbcaef}</UniqueIdentifier>
    </Filter>
    <Filter Include="ヘッダー ファイル\engine\2d">
      <UniqueIdentifier>{f0044dd2-ec6d-47af-8d0b-3112399d8e20}</UniqueIdentifier>
    </Filter>
    <Filter Include="ヘッダー ファイル\engine\3d">
      <UniqueIdentifier>{eb21dfdf-38b0-4302-9b6f-cf6c32118c0e}</UniqueIdentifier>
    </Filter>
    <Filter Include="ヘッダー ファイル\engine\base">
      <UniqueIdentifier>{67cf6a99-1e83-43d9-b7c4-aa68dec48a45}</UniqueIdentifier>
    </Filter>
    <Filter Include="ヘッダー ファイル\engine\io">
      <UniqueIdentifier>{51ba31a6-bdce-480d-93ba-a2acdfe87c92}</UniqueIdentifier>
    </Filter>
    <Filter Include="ヘッダー ファイル\engine\input">
      <UniqueIdentifier>{dc066705-ebfe-46ae-8fe7-4c87b8f1bab9}</UniqueIdentifier>
    </Filter>
    <Filter Include="ヘッダー ファイル\engine\math">
      <UniqueIdentifier>{1de3987a-c299-421c-a446-ce994f3e1a14}</UniqueIdentifier>
    </Filter>
    <Filter Include="ヘッダー ファイル\engine\struct">
      <UniqueIdentifier>{c1752444-1af6-48af-b063-eb60e9141f7e}</UniqueIdentifier>
    </Filter>
  </ItemGroup>
  <ItemGroup>
    <ClCompile Include="externals\imgui\imgui_demo.cpp">
      <Filter>imgui</Filter>
    </ClCompile>
    <ClCompile Include="externals\imgui\imgui_draw.cpp">
      <Filter>imgui</Filter>
    </ClCompile>
    <ClCompile Include="externals\imgui\imgui_impl_dx12.cpp">
      <Filter>imgui</Filter>
    </ClCompile>
    <ClCompile Include="externals\imgui\imgui_impl_win32.cpp">
      <Filter>imgui</Filter>
    </ClCompile>
    <ClCompile Include="externals\imgui\imgui_tables.cpp">
      <Filter>imgui</Filter>
    </ClCompile>
    <ClCompile Include="externals\imgui\imgui_widgets.cpp">
      <Filter>imgui</Filter>
    </ClCompile>
    <ClCompile Include="externals\imgui\imgui.cpp">
      <Filter>imgui</Filter>
    </ClCompile>
    <ClCompile Include="main.cpp">
      <Filter>ソース ファイル\engine</Filter>
    </ClCompile>
    <ClCompile Include="DirectXGame\engine\2d\Sprite.cpp">
      <Filter>ソース ファイル\engine\2d</Filter>
    </ClCompile>
    <ClCompile Include="DirectXGame\engine\2d\SpriteCommon.cpp">
      <Filter>ソース ファイル\engine\2d</Filter>
    </ClCompile>
    <ClCompile Include="DirectXGame\engine\3d\Model\ModelCommon.cpp">
      <Filter>ソース ファイル\engine\3d</Filter>
    </ClCompile>
    <ClCompile Include="DirectXGame\engine\3d\Model\ModelManager.cpp">
      <Filter>ソース ファイル\engine\3d</Filter>
    </ClCompile>
    <ClCompile Include="DirectXGame\engine\3d\Object\Object3d.cpp">
      <Filter>ソース ファイル\engine\3d</Filter>
    </ClCompile>
    <ClCompile Include="DirectXGame\engine\3d\Object\Object3dCommon.cpp">
      <Filter>ソース ファイル\engine\3d</Filter>
    </ClCompile>
    <ClCompile Include="DirectXGame\engine\3d\Model\Model.cpp">
      <Filter>ソース ファイル\engine\3d</Filter>
    </ClCompile>
    <ClCompile Include="DirectXGame\engine\base\WinApp.cpp">
      <Filter>ソース ファイル\engine\base</Filter>
    </ClCompile>
    <ClCompile Include="DirectXGame\engine\Math\MathFanctions.cpp">
      <Filter>ソース ファイル\engine\math</Filter>
    </ClCompile>
    <ClCompile Include="DirectXGame\engine\DirectX\Common\DirectXCommon.cpp">
      <Filter>ソース ファイル\engine\base</Filter>
    </ClCompile>
    <ClCompile Include="DirectXGame\engine\input\Input.cpp">
      <Filter>ソース ファイル\engine\input</Filter>
    </ClCompile>
    <ClCompile Include="DirectXGame\engine\base\TextureManager.cpp">
      <Filter>ソース ファイル\engine\base</Filter>
    </ClCompile>
    <ClCompile Include="DirectXGame\engine\DirectX\D3DResourceLeakchecker\D3DResourceLeakchecker.cpp">
      <Filter>ソース ファイル\engine\base</Filter>
    </ClCompile>
    <ClCompile Include="DirectXGame\engine\base\Logger.cpp">
      <Filter>ソース ファイル\engine\base</Filter>
    </ClCompile>
    <ClCompile Include="DirectXGame\engine\base\StringUtility.cpp">
      <Filter>ソース ファイル\engine\base</Filter>
    </ClCompile>
    <ClCompile Include="DirectXGame\engine\Camera\Camera.cpp">
      <Filter>ソース ファイル</Filter>
    </ClCompile>
    <ClCompile Include="DirectXGame\engine\Manager\SRV\SrvManager.cpp">
      <Filter>ソース ファイル</Filter>
    </ClCompile>
    <ClCompile Include="DirectXGame\engine\Effect\Particle\ParticleManager.cpp">
      <Filter>ソース ファイル</Filter>
    </ClCompile>
    <ClCompile Include="DirectXGame\engine\Effect\Particle\ParticleEmitter.cpp">
      <Filter>ソース ファイル</Filter>
    </ClCompile>
    <ClCompile Include="DirectXGame\engine\base\ImGuiManager.cpp">
      <Filter>ソース ファイル</Filter>
    </ClCompile>
    <ClCompile Include="DirectXGame\engine\Audio\Audio.cpp">
      <Filter>ソース ファイル</Filter>
    </ClCompile>
    <ClCompile Include="DirectXGame\engine\MyGame\MyGame.cpp">
      <Filter>ソース ファイル</Filter>
    </ClCompile>
    <ClCompile Include="DirectXGame\engine\MyGame\Framework.cpp">
      <Filter>ソース ファイル</Filter>
    </ClCompile>
    <ClCompile Include="DirectXGame\application\scene\GamePlayScene.cpp">
      <Filter>ソース ファイル</Filter>
    </ClCompile>
    <ClCompile Include="DirectXGame\engine\Line\LineCommon.cpp">
      <Filter>ソース ファイル</Filter>
    </ClCompile>
    <ClCompile Include="DirectXGame\application\scene\TitleScene.cpp">
      <Filter>ソース ファイル</Filter>
    </ClCompile>
    <ClCompile Include="DirectXGame\engine\scene\SceneManager.cpp">
      <Filter>ソース ファイル</Filter>
    </ClCompile>
    <ClCompile Include="DirectXGame\application\scene\SceneFactory.cpp">
      <Filter>ソース ファイル</Filter>
    </ClCompile>
    <ClCompile Include="DirectXGame\application\base\Enemy\Enemy.cpp">
      <Filter>ソース ファイル</Filter>
    </ClCompile>
    <ClCompile Include="DirectXGame\application\GlobalVariables\GlobalVariables.cpp">
      <Filter>ソース ファイル</Filter>
    </ClCompile>
    <ClCompile Include="externals\imgui\ImGuizmo.cpp">
      <Filter>ソース ファイル</Filter>
    </ClCompile>
    <ClCompile Include="DirectXGame\engine\Light\LightCommon.cpp">
      <Filter>ソース ファイル</Filter>
    </ClCompile>
    <ClCompile Include="DirectXGame\application\base\Player\Player.cpp">
      <Filter>ソース ファイル</Filter>
    </ClCompile>
    <ClCompile Include="DirectXGame\application\base\Player\BasePlayerState.cpp">
      <Filter>ソース ファイル</Filter>
    </ClCompile>
    <ClCompile Include="DirectXGame\application\base\FollowCamera\FollowCamera.cpp">
      <Filter>ソース ファイル</Filter>
    </ClCompile>
    <ClCompile Include="DirectXGame\engine\Offscreen\RenderingCommon.cpp">
      <Filter>ソース ファイル</Filter>
    </ClCompile>
    <ClCompile Include="DirectXGame\engine\Manager\RTV\RtvManeger.cpp">
      <Filter>ソース ファイル</Filter>
    </ClCompile>
    <ClCompile Include="DirectXGame\application\scene\TestScene.cpp">
      <Filter>ソース ファイル</Filter>
    </ClCompile>
    <ClCompile Include="DirectXGame\engine\struct\Quaternion.cpp">
      <Filter>ソース ファイル</Filter>
    </ClCompile>
    <ClCompile Include="DirectXGame\engine\struct\Matrix4x4.cpp">
      <Filter>ソース ファイル</Filter>
    </ClCompile>
    <ClCompile Include="DirectXGame\engine\Animation\Animation.cpp">
      <Filter>ソース ファイル</Filter>
    </ClCompile>
    <ClCompile Include="DirectXGame\engine\Effect\Ocean\Ocean.cpp">
      <Filter>ソース ファイル</Filter>
    </ClCompile>
    <ClCompile Include="DirectXGame\engine\Effect\Ocean\OceanManager.cpp">
      <Filter>ソース ファイル</Filter>
    </ClCompile>
    <ClCompile Include="DirectXGame\engine\Skinning\Skinning.cpp">
      <Filter>ソース ファイル</Filter>
    </ClCompile>
    <ClCompile Include="DirectXGame\engine\Collider\3d\Collider.cpp">
      <Filter>ソース ファイル</Filter>
    </ClCompile>
    <ClCompile Include="DirectXGame\engine\Collider\3d\CollisionManager.cpp">
      <Filter>ソース ファイル</Filter>
    </ClCompile>
    <ClCompile Include="DirectXGame\engine\Collider\ContactRecord.cpp">
      <Filter>ソース ファイル</Filter>
    </ClCompile>
    <ClCompile Include="DirectXGame\engine\Mesh\Mesh.cpp">
      <Filter>ソース ファイル</Filter>
    </ClCompile>
    <ClCompile Include="DirectXGame\engine\Material\Material.cpp">
      <Filter>ソース ファイル</Filter>
    </ClCompile>
    <ClCompile Include="DirectXGame\engine\Transfomation\Transfomation.cpp">
      <Filter>ソース ファイル</Filter>
    </ClCompile>
    <ClCompile Include="DirectXGame\engine\Camera\CameraCommon.cpp">
      <Filter>ソース ファイル</Filter>
    </ClCompile>
    <ClCompile Include="DirectXGame\application\base\Player\PlayerBehavior.cpp">
      <Filter>ソース ファイル</Filter>
    </ClCompile>
    <ClCompile Include="DirectXGame\application\base\Player\PlayerAttack.cpp">
      <Filter>ソース ファイル</Filter>
    </ClCompile>
    <ClCompile Include="DirectXGame\application\base\Player\playerWeapon.cpp">
      <Filter>ソース ファイル</Filter>
    </ClCompile>
    <ClCompile Include="DirectXGame\application\base\Player\PlayerBullet.cpp">
      <Filter>ソース ファイル</Filter>
    </ClCompile>
    <ClCompile Include="DirectXGame\engine\Effect\Trail\TrailEffect.cpp">
      <Filter>ソース ファイル</Filter>
    </ClCompile>
    <ClCompile Include="DirectXGame\engine\Effect\Trail\TrailEffectManager.cpp">
      <Filter>ソース ファイル</Filter>
    </ClCompile>
    <ClCompile Include="DirectXGame\engine\Effect\Primitive\Primitive.cpp">
      <Filter>ソース ファイル</Filter>
    </ClCompile>
    <ClCompile Include="DirectXGame\engine\Effect\Primitive\PrimitiveCommon.cpp">
      <Filter>ソース ファイル</Filter>
    </ClCompile>
    <ClCompile Include="DirectXGame\engine\PSO\PSOManager.cpp">
      <Filter>ソース ファイル</Filter>
    </ClCompile>
    <ClCompile Include="DirectXGame\engine\WorldTransform\WorldTransform.cpp">
      <Filter>ソース ファイル</Filter>
    </ClCompile>
    <ClCompile Include="DirectXGame\engine\Color\Color.cpp">
      <Filter>ソース ファイル</Filter>
    </ClCompile>
    <ClCompile Include="DirectXGame\engine\Light\Lights.cpp">
      <Filter>ソース ファイル</Filter>
    </ClCompile>
    <ClCompile Include="DirectXGame\engine\SkyBox\SkyBoxCommon.cpp">
      <Filter>ソース ファイル</Filter>
    </ClCompile>
    <ClCompile Include="DirectXGame\engine\SkyBox\SkyBox.cpp">
      <Filter>ソース ファイル</Filter>
    </ClCompile>
    <ClCompile Include="DirectXGame\engine\Effect\Particle\ParticleManager2d.cpp">
      <Filter>ソース ファイル</Filter>
    </ClCompile>
    <ClCompile Include="DirectXGame\engine\Effect\Particle\ParticleEmitter2d.cpp">
      <Filter>ソース ファイル</Filter>
    </ClCompile>
    <ClCompile Include="DirectXGame\engine\Manager\UAV\UavManager.cpp">
      <Filter>ソース ファイル</Filter>
    </ClCompile>
    <ClCompile Include="DirectXGame\engine\Camera\DebugCamera.cpp">
      <Filter>ソース ファイル</Filter>
    </ClCompile>
    <ClCompile Include="DirectXGame\application\base\Attack\AttackManager.cpp">
      <Filter>ソース ファイル</Filter>
    </ClCompile>
    <ClCompile Include="DirectXGame\engine\Collider\Octree\Octree.cpp">
      <Filter>ソース ファイル</Filter>
    </ClCompile>
    <ClCompile Include="DirectXGame\engine\2d\Primitive2D.cpp">
      <Filter>ソース ファイル</Filter>
    </ClCompile>
    <ClCompile Include="DirectXGame\engine\Collider\3d\ColliderFanction3D.cpp">
      <Filter>ソース ファイル</Filter>
    </ClCompile>
    <ClCompile Include="DirectXGame\engine\3d\Object\Object3dInstansManager.cpp">
      <Filter>ソース ファイル</Filter>
    </ClCompile>
    <ClCompile Include="DirectXGame\engine\Collider\2d\ColliderFanction2D.cpp">
      <Filter>ソース ファイル</Filter>
    </ClCompile>
    <ClCompile Include="DirectXGame\engine\Math\Random.cpp">
      <Filter>ソース ファイル</Filter>
    </ClCompile>
    <ClCompile Include="DirectXGame\engine\Math\MapChip.cpp">
      <Filter>ソース ファイル</Filter>
    </ClCompile>
    <ClCompile Include="DirectXGame\engine\Math\AStarAlgorithm.cpp">
      <Filter>ソース ファイル</Filter>
    </ClCompile>
    <ClCompile Include="DirectXGame\engine\Math\Noise.cpp">
      <Filter>ソース ファイル</Filter>
    </ClCompile>
    <ClCompile Include="DirectXGame\engine\DirectX\DXGIDevice\DXGIDevice.cpp">
      <Filter>ソース ファイル</Filter>
    </ClCompile>
    <ClCompile Include="DirectXGame\engine\DirectX\Command\Command.cpp">
      <Filter>ソース ファイル</Filter>
    </ClCompile>
    <ClCompile Include="DirectXGame\engine\DirectX\ScissorRect\ScissorRect.cpp">
      <Filter>ソース ファイル</Filter>
    </ClCompile>
    <ClCompile Include="DirectXGame\engine\DirectX\ViewPort\ViewPort.cpp">
      <Filter>ソース ファイル</Filter>
    </ClCompile>
    <ClCompile Include="DirectXGame\engine\DirectX\Fence\Fence.cpp">
      <Filter>ソース ファイル</Filter>
    </ClCompile>
    <ClCompile Include="DirectXGame\engine\DirectX\DXCCompiler\DXCCompiler.cpp">
      <Filter>ソース ファイル</Filter>
    </ClCompile>
    <ClCompile Include="DirectXGame\engine\DirectX\SwapChain\SwapChain.cpp">
      <Filter>ソース ファイル</Filter>
    </ClCompile>
    <ClCompile Include="DirectXGame\engine\DirectX\RenderTexture\RenderTexture.cpp">
      <Filter>ソース ファイル</Filter>
    </ClCompile>
    <ClCompile Include="DirectXGame\engine\DirectX\DepthStencil\DepthStencil.cpp">
      <Filter>ソース ファイル</Filter>
    </ClCompile>
    <ClCompile Include="DirectXGame\engine\Manager\DSV\DsvManager.cpp">
      <Filter>ソース ファイル</Filter>
    </ClCompile>
    <ClCompile Include="DirectXGame\engine\DirectX\Barrier\Barrier.cpp">
      <Filter>ソース ファイル</Filter>
    </ClCompile>
    <ClCompile Include="DirectXGame\engine\Manager\Effect\EffectManager.cpp">
      <Filter>ソース ファイル</Filter>
    </ClCompile>
    <ClCompile Include="DirectXGame\engine\Manager\Entity3D\Entity3DManager.cpp">
      <Filter>ソース ファイル</Filter>
    </ClCompile>
    <ClCompile Include="DirectXGame\engine\Manager\Entity2D\Entity2DManager.cpp">
      <Filter>ソース ファイル</Filter>
    </ClCompile>
    <ClCompile Include="DirectXGame\engine\PSO\CSPSOManager.cpp">
      <Filter>ソース ファイル</Filter>
    </ClCompile>
  </ItemGroup>
  <ItemGroup>
    <None Include=".editorconfig" />
    <None Include="resources\shaders\Particle\Particle.hlsli" />
    <None Include="resources\shaders\Line\Line.hlsli" />
    <None Include="resources\shaders\Object2D\Object2D.hlsli" />
    <None Include="resources\shaders\Offscreen\Fullscreen.hlsli" />
    <None Include="resources\shaders\Octagrams\Octagrams.hlsli" />
    <None Include="resources\shaders\Ocean\Ocean.hlsli" />
    <None Include="resources\shaders\Thunder\Thunder.hlsli" />
    <None Include="resources\shaders\Skining\SkinningObject3d.hlsli" />
    <None Include="resources\shaders\Object3D\Light.hlsli" />
    <None Include="resources\shaders\Trail\Trail.hlsli" />
    <None Include="resources\shaders\SkyBox\SkyBox.hlsli" />
    <None Include="resources\shaders\Object3D\Object3dInstans.hlsli" />
    <None Include="resources\shaders\Offscreen\Smoothing.hlsli" />
  </ItemGroup>
  <ItemGroup>
    <FxCompile Include="resources\shaders\Particle\Particle.PS.hlsl" />
    <FxCompile Include="resources\shaders\Particle\Particle.VS.hlsl" />
    <FxCompile Include="resources\shaders\Line\Line.PS.hlsl" />
    <FxCompile Include="resources\shaders\Line\Line.VS.hlsl" />
    <FxCompile Include="resources\shaders\Object2D\Object2D.PS.hlsl" />
    <FxCompile Include="resources\shaders\Object2D\Object2D.VS.hlsl" />
    <FxCompile Include="resources\shaders\Offscreen\CopyImage.PS.hlsl" />
    <FxCompile Include="resources\shaders\Offscreen\Fullscreen.VS.hlsl" />
    <FxCompile Include="resources\shaders\Octagrams\Octagrams.PS.hlsl" />
    <FxCompile Include="resources\shaders\Octagrams\Octagrams.VS.hlsl" />
    <FxCompile Include="resources\shaders\Ocean\Ocean.PS.hlsl" />
    <FxCompile Include="resources\shaders\Ocean\Ocean.VS.hlsl" />
    <FxCompile Include="resources\shaders\Ocean\Ocean.HS.hlsl" />
    <FxCompile Include="resources\shaders\Ocean\Ocean.DS.hlsl" />
    <FxCompile Include="resources\shaders\Thunder\Thunder.PS.hlsl" />
    <FxCompile Include="resources\shaders\Thunder\Thunder.VS.hlsl" />
    <FxCompile Include="resources\shaders\Skining\SkinningObject3d.VS.hlsl" />
    <FxCompile Include="resources\shaders\Skining\SkinningObject3d.PS.hlsl" />
    <FxCompile Include="resources\shaders\Trail\Trail.VS.hlsl" />
    <FxCompile Include="resources\shaders\Trail\Trail.PS.hlsl" />
    <FxCompile Include="resources\shaders\Ocean\Ocean.CS.hlsl" />
    <FxCompile Include="resources\shaders\SkyBox\SkyBox.VS.hlsl" />
    <FxCompile Include="resources\shaders\SkyBox\SkyBox.PS.hlsl" />
    <FxCompile Include="resources\shaders\Skining\Skinning.CS.hlsl" />
    <FxCompile Include="resources\shaders\Object3D\Object3dInstans.PS.hlsl" />
    <FxCompile Include="resources\shaders\Object3D\Object3dInstans.VS.hlsl" />
    <FxCompile Include="resources\shaders\Offscreen\GrayScale.PS.hlsl" />
    <FxCompile Include="resources\shaders\Offscreen\Sepia.PS.hlsl" />
    <FxCompile Include="resources\shaders\Offscreen\Vignette.PS.hlsl" />
    <FxCompile Include="resources\shaders\Offscreen\Smoothing.PS.hlsl" />
    <FxCompile Include="resources\shaders\Offscreen\Gaussian.PS.hlsl" />
    <FxCompile Include="resources\shaders\Offscreen\Outline.PS.hlsl" />
    <FxCompile Include="resources\shaders\Offscreen\RadialBlur.PS.hlsl" />
    <FxCompile Include="resources\shaders\Offscreen\Dissovle.PS.hlsl" />
    <FxCompile Include="resources\shaders\Offscreen\Random.PS.hlsl" />
    <FxCompile Include="resources\shaders\Offscreen\Bloom.PS.hlsl" />
    <FxCompile Include="resources\shaders\Offscreen\BloomExtract.PS.hlsl" />
    <FxCompile Include="resources\shaders\Offscreen\BloomCombine.PS.hlsl" />
  </ItemGroup>
  <ItemGroup>
    <ClInclude Include="externals\imgui\imgui.h">
      <Filter>imgui</Filter>
    </ClInclude>
    <ClInclude Include="externals\imgui\imgui_impl_dx12.h">
      <Filter>imgui</Filter>
    </ClInclude>
    <ClInclude Include="externals\imgui\imgui_impl_win32.h">
      <Filter>imgui</Filter>
    </ClInclude>
    <ClInclude Include="externals\imgui\imgui_internal.h">
      <Filter>imgui</Filter>
    </ClInclude>
    <ClInclude Include="externals\imgui\imstb_rectpack.h">
      <Filter>imgui</Filter>
    </ClInclude>
    <ClInclude Include="externals\imgui\imstb_textedit.h">
      <Filter>imgui</Filter>
    </ClInclude>
    <ClInclude Include="externals\imgui\imstb_truetype.h">
      <Filter>imgui</Filter>
    </ClInclude>
    <ClInclude Include="externals\imgui\imconfig.h">
      <Filter>imgui</Filter>
    </ClInclude>
    <ClInclude Include="DirectXGame\engine\2d\SpriteCommon.h">
      <Filter>ヘッダー ファイル\engine\2d</Filter>
    </ClInclude>
    <ClInclude Include="DirectXGame\engine\2d\Sprite.h">
      <Filter>ヘッダー ファイル\engine\2d</Filter>
    </ClInclude>
    <ClInclude Include="DirectXGame\engine\3d\Model\Model.h">
      <Filter>ヘッダー ファイル\engine\3d</Filter>
    </ClInclude>
    <ClInclude Include="DirectXGame\engine\3d\Model\ModelCommon.h">
      <Filter>ヘッダー ファイル\engine\3d</Filter>
    </ClInclude>
    <ClInclude Include="DirectXGame\engine\3d\Object\Object3dCommon.h">
      <Filter>ヘッダー ファイル\engine\3d</Filter>
    </ClInclude>
    <ClInclude Include="DirectXGame\engine\3d\Object\Object3d.h">
      <Filter>ヘッダー ファイル\engine\3d</Filter>
    </ClInclude>
    <ClInclude Include="DirectXGame\engine\3d\Model\ModelManager.h">
      <Filter>ヘッダー ファイル\engine\3d</Filter>
    </ClInclude>
    <ClInclude Include="DirectXGame\engine\DirectX\Common\DirectXCommon.h">
      <Filter>ヘッダー ファイル\engine\base</Filter>
    </ClInclude>
    <ClInclude Include="DirectXGame\engine\base\WinApp.h">
      <Filter>ヘッダー ファイル\engine\base</Filter>
    </ClInclude>
    <ClInclude Include="DirectXGame\engine\input\Input.h">
      <Filter>ヘッダー ファイル\engine\input</Filter>
    </ClInclude>
    <ClInclude Include="DirectXGame\engine\Math\MathFanctions.h">
      <Filter>ヘッダー ファイル\engine\math</Filter>
    </ClInclude>
    <ClInclude Include="DirectXGame\engine\struct\Structs3D.h">
      <Filter>ヘッダー ファイル\engine\struct</Filter>
    </ClInclude>
    <ClInclude Include="DirectXGame\engine\base\TextureManager.h">
      <Filter>ヘッダー ファイル\engine\base</Filter>
    </ClInclude>
    <ClInclude Include="DirectXGame\engine\base\Logger.h">
      <Filter>ヘッダー ファイル\engine\base</Filter>
    </ClInclude>
    <ClInclude Include="DirectXGame\engine\base\StringUtility.h">
      <Filter>ヘッダー ファイル\engine\base</Filter>
    </ClInclude>
    <ClInclude Include="DirectXGame\engine\DirectX\D3DResourceLeakchecker\D3DResourceLeakchecker.h">
      <Filter>ヘッダー ファイル\engine\base</Filter>
    </ClInclude>
    <ClInclude Include="DirectXGame\engine\Camera\Camera.h">
      <Filter>ヘッダー ファイル</Filter>
    </ClInclude>
    <ClInclude Include="DirectXGame\engine\Manager\SRV\SrvManager.h">
      <Filter>ヘッダー ファイル</Filter>
    </ClInclude>
    <ClInclude Include="DirectXGame\engine\Effect\Particle\ParticleManager.h">
      <Filter>ヘッダー ファイル</Filter>
    </ClInclude>
    <ClInclude Include="DirectXGame\engine\Effect\Particle\ParticleEmitter.h">
      <Filter>ヘッダー ファイル</Filter>
    </ClInclude>
    <ClInclude Include="DirectXGame\engine\base\ImGuiManager.h">
      <Filter>ヘッダー ファイル</Filter>
    </ClInclude>
    <ClInclude Include="DirectXGame\engine\Audio\Audio.h">
      <Filter>ヘッダー ファイル</Filter>
    </ClInclude>
    <ClInclude Include="DirectXGame\engine\MyGame\MyGame.h">
      <Filter>ヘッダー ファイル</Filter>
    </ClInclude>
    <ClInclude Include="DirectXGame\engine\MyGame\Framework.h">
      <Filter>ヘッダー ファイル</Filter>
    </ClInclude>
    <ClInclude Include="DirectXGame\application\scene\GamePlayScene.h">
      <Filter>ヘッダー ファイル</Filter>
    </ClInclude>
    <ClInclude Include="DirectXGame\engine\Line\LineCommon.h">
      <Filter>ヘッダー ファイル</Filter>
    </ClInclude>
    <ClInclude Include="DirectXGame\application\scene\TitleScene.h">
      <Filter>ヘッダー ファイル</Filter>
    </ClInclude>
    <ClInclude Include="DirectXGame\engine\scene\BaseScene.h">
      <Filter>ヘッダー ファイル</Filter>
    </ClInclude>
    <ClInclude Include="DirectXGame\engine\scene\SceneManager.h">
      <Filter>ヘッダー ファイル</Filter>
    </ClInclude>
    <ClInclude Include="DirectXGame\engine\scene\AbstractSceneFactory.h">
      <Filter>ヘッダー ファイル</Filter>
    </ClInclude>
    <ClInclude Include="DirectXGame\application\scene\SceneFactory.h">
      <Filter>ヘッダー ファイル</Filter>
    </ClInclude>
    <ClInclude Include="DirectXGame\application\base\Enemy\Enemy.h">
      <Filter>ヘッダー ファイル</Filter>
    </ClInclude>
    <ClInclude Include="DirectXGame\application\GlobalVariables\GlobalVariables.h">
      <Filter>ヘッダー ファイル</Filter>
    </ClInclude>
    <ClInclude Include="DirectXGame\engine\base\LevelData.h">
      <Filter>ヘッダー ファイル</Filter>
    </ClInclude>
    <ClInclude Include="externals\imgui\ImGuizmo.h">
      <Filter>ヘッダー ファイル</Filter>
    </ClInclude>
    <ClInclude Include="DirectXGame\engine\struct\Material.h">
      <Filter>ヘッダー ファイル</Filter>
    </ClInclude>
    <ClInclude Include="DirectXGame\engine\struct\Light.h">
      <Filter>ヘッダー ファイル</Filter>
    </ClInclude>
    <ClInclude Include="DirectXGame\engine\Light\LightCommon.h">
      <Filter>ヘッダー ファイル</Filter>
    </ClInclude>
    <ClInclude Include="DirectXGame\application\base\Player\Player.h">
      <Filter>ヘッダー ファイル</Filter>
    </ClInclude>
    <ClInclude Include="DirectXGame\application\base\Player\BasePlayerState.h">
      <Filter>ヘッダー ファイル</Filter>
    </ClInclude>
    <ClInclude Include="DirectXGame\application\base\FollowCamera\FollowCamera.h">
      <Filter>ヘッダー ファイル</Filter>
    </ClInclude>
    <ClInclude Include="DirectXGame\engine\Offscreen\RenderingCommon.h">
      <Filter>ヘッダー ファイル</Filter>
    </ClInclude>
    <ClInclude Include="DirectXGame\engine\Manager\RTV\RtvManeger.h">
      <Filter>ヘッダー ファイル</Filter>
    </ClInclude>
    <ClInclude Include="DirectXGame\engine\struct\Vector3.h">
      <Filter>ヘッダー ファイル</Filter>
    </ClInclude>
    <ClInclude Include="DirectXGame\engine\struct\Vector2.h">
      <Filter>ヘッダー ファイル</Filter>
    </ClInclude>
    <ClInclude Include="DirectXGame\engine\struct\Vector4.h">
      <Filter>ヘッダー ファイル</Filter>
    </ClInclude>
    <ClInclude Include="DirectXGame\engine\Math\ProbabilityUtils.h">
      <Filter>ヘッダー ファイル</Filter>
    </ClInclude>
    <ClInclude Include="DirectXGame\application\scene\TestScene.h">
      <Filter>ヘッダー ファイル</Filter>
    </ClInclude>
    <ClInclude Include="DirectXGame\engine\struct\Quaternion.h">
      <Filter>ヘッダー ファイル</Filter>
    </ClInclude>
    <ClInclude Include="DirectXGame\engine\struct\Matrix4x4.h">
      <Filter>ヘッダー ファイル</Filter>
    </ClInclude>
    <ClInclude Include="DirectXGame\engine\Animation\Animation.h">
      <Filter>ヘッダー ファイル</Filter>
    </ClInclude>
    <ClInclude Include="DirectXGame\engine\Effect\Ocean\Ocean.h">
      <Filter>ヘッダー ファイル</Filter>
    </ClInclude>
    <ClInclude Include="DirectXGame\engine\Effect\Ocean\OceanManager.h">
      <Filter>ヘッダー ファイル</Filter>
    </ClInclude>
    <ClInclude Include="DirectXGame\engine\Skinning\Skinning.h">
      <Filter>ヘッダー ファイル</Filter>
    </ClInclude>
    <ClInclude Include="DirectXGame\engine\Collider\3d\Collider.h">
      <Filter>ヘッダー ファイル</Filter>
    </ClInclude>
    <ClInclude Include="DirectXGame\engine\Collider\3d\CollisionManager.h">
      <Filter>ヘッダー ファイル</Filter>
    </ClInclude>
    <ClInclude Include="DirectXGame\engine\Collider\CollisionTypeIdDef.h">
      <Filter>ヘッダー ファイル</Filter>
    </ClInclude>
    <ClInclude Include="DirectXGame\engine\Collider\ContactRecord.h">
      <Filter>ヘッダー ファイル</Filter>
    </ClInclude>
    <ClInclude Include="DirectXGame\engine\Mesh\Mesh.h">
      <Filter>ヘッダー ファイル</Filter>
    </ClInclude>
    <ClInclude Include="DirectXGame\engine\Material\Material.h">
      <Filter>ヘッダー ファイル</Filter>
    </ClInclude>
    <ClInclude Include="DirectXGame\engine\Transfomation\Transfomation.h">
      <Filter>ヘッダー ファイル</Filter>
    </ClInclude>
    <ClInclude Include="DirectXGame\engine\Camera\CameraCommon.h">
      <Filter>ヘッダー ファイル</Filter>
    </ClInclude>
    <ClInclude Include="DirectXGame\engine\Math\Easing.h">
      <Filter>ヘッダー ファイル</Filter>
    </ClInclude>
    <ClInclude Include="DirectXGame\application\base\Player\playerWeapon.h">
      <Filter>ヘッダー ファイル</Filter>
    </ClInclude>
    <ClInclude Include="DirectXGame\application\base\Player\PlayerBullet.h">
      <Filter>ヘッダー ファイル</Filter>
    </ClInclude>
    <ClInclude Include="DirectXGame\engine\Effect\Trail\TrailEffect.h">
      <Filter>ヘッダー ファイル</Filter>
    </ClInclude>
    <ClInclude Include="DirectXGame\engine\Effect\Trail\TrailEffectManager.h">
      <Filter>ヘッダー ファイル</Filter>
    </ClInclude>
    <ClInclude Include="DirectXGame\engine\Effect\Primitive\Primitive.h">
      <Filter>ヘッダー ファイル</Filter>
    </ClInclude>
    <ClInclude Include="DirectXGame\engine\Effect\Primitive\PrimitiveCommon.h">
      <Filter>ヘッダー ファイル</Filter>
    </ClInclude>
    <ClInclude Include="DirectXGame\engine\PSO\PSOManager.h">
      <Filter>ヘッダー ファイル</Filter>
    </ClInclude>
    <ClInclude Include="DirectXGame\engine\WorldTransform\WorldTransform.h">
      <Filter>ヘッダー ファイル</Filter>
    </ClInclude>
    <ClInclude Include="DirectXGame\engine\Color\Color.h">
      <Filter>ヘッダー ファイル</Filter>
    </ClInclude>
    <ClInclude Include="DirectXGame\engine\Light\Lights.h">
      <Filter>ヘッダー ファイル</Filter>
    </ClInclude>
    <ClInclude Include="DirectXGame\engine\SkyBox\SkyBoxCommon.h">
      <Filter>ヘッダー ファイル</Filter>
    </ClInclude>
    <ClInclude Include="DirectXGame\engine\SkyBox\SkyBox.h">
      <Filter>ヘッダー ファイル</Filter>
    </ClInclude>
    <ClInclude Include="DirectXGame\engine\Effect\Particle\ParticleManager2d.h">
      <Filter>ヘッダー ファイル</Filter>
    </ClInclude>
    <ClInclude Include="DirectXGame\engine\Effect\Particle\ParticleEmitter2d.h">
      <Filter>ヘッダー ファイル</Filter>
    </ClInclude>
    <ClInclude Include="DirectXGame\engine\Manager\UAV\UavManager.h">
      <Filter>ヘッダー ファイル</Filter>
    </ClInclude>
    <ClInclude Include="DirectXGame\engine\Camera\DebugCamera.h">
      <Filter>ヘッダー ファイル</Filter>
    </ClInclude>
    <ClInclude Include="DirectXGame\application\base\Attack\AttackData.h">
      <Filter>ヘッダー ファイル</Filter>
    </ClInclude>
    <ClInclude Include="DirectXGame\application\base\Attack\AttackManager.h">
      <Filter>ヘッダー ファイル</Filter>
    </ClInclude>
    <ClInclude Include="DirectXGame\engine\Collider\Octree\Octree.h">
      <Filter>ヘッダー ファイル</Filter>
    </ClInclude>
    <ClInclude Include="DirectXGame\engine\Collider\3d\ColliderFanction3D.h">
      <Filter>ヘッダー ファイル</Filter>
    </ClInclude>
    <ClInclude Include="DirectXGame\engine\Math\LineCurveMath.h">
      <Filter>ヘッダー ファイル</Filter>
    </ClInclude>
    <ClInclude Include="DirectXGame\engine\Collider\2d\ColliderFanction2D.h">
      <Filter>ヘッダー ファイル</Filter>
    </ClInclude>
    <ClInclude Include="DirectXGame\engine\struct\Matrix3x3.h">
      <Filter>ヘッダー ファイル</Filter>
    </ClInclude>
    <ClInclude Include="DirectXGame\engine\struct\Structs2D.h">
      <Filter>ヘッダー ファイル</Filter>
    </ClInclude>
    <ClInclude Include="DirectXGame\engine\2d\Primitive2D.h">
      <Filter>ヘッダー ファイル</Filter>
    </ClInclude>
    <ClInclude Include="DirectXGame\engine\3d\Object\Object3dInstansManager.h">
      <Filter>ヘッダー ファイル</Filter>
    </ClInclude>
    <ClInclude Include="DirectXGame\engine\Math\Random.h">
      <Filter>ヘッダー ファイル</Filter>
    </ClInclude>
    <ClInclude Include="DirectXGame\engine\Math\AStarAlgorithm.h">
      <Filter>ヘッダー ファイル</Filter>
    </ClInclude>
    <ClInclude Include="DirectXGame\engine\Math\MapChip.h">
      <Filter>ヘッダー ファイル</Filter>
    </ClInclude>
    <ClInclude Include="DirectXGame\engine\Math\Noise.h">
      <Filter>ヘッダー ファイル</Filter>
    </ClInclude>
    <ClInclude Include="DirectXGame\engine\DirectX\Barrier\Barrier.h">
      <Filter>ヘッダー ファイル</Filter>
    </ClInclude>
    <ClInclude Include="DirectXGame\engine\DirectX\DXGIDevice\DXGIDevice.h">
      <Filter>ヘッダー ファイル</Filter>
    </ClInclude>
    <ClInclude Include="DirectXGame\engine\DirectX\Command\Command.h">
      <Filter>ヘッダー ファイル</Filter>
    </ClInclude>
    <ClInclude Include="DirectXGame\engine\DirectX\ScissorRect\ScissorRect.h">
      <Filter>ヘッダー ファイル</Filter>
    </ClInclude>
    <ClInclude Include="DirectXGame\engine\DirectX\ViewPort\ViewPort.h">
      <Filter>ヘッダー ファイル</Filter>
    </ClInclude>
    <ClInclude Include="DirectXGame\engine\DirectX\Fence\Fence.h">
      <Filter>ヘッダー ファイル</Filter>
    </ClInclude>
    <ClInclude Include="DirectXGame\engine\DirectX\DXCCompiler\DXCCompiler.h">
      <Filter>ヘッダー ファイル</Filter>
    </ClInclude>
    <ClInclude Include="DirectXGame\engine\DirectX\SwapChain\SwapChain.h">
      <Filter>ヘッダー ファイル</Filter>
    </ClInclude>
    <ClInclude Include="DirectXGame\engine\DirectX\RenderTexture\RenderTexture.h">
      <Filter>ヘッダー ファイル</Filter>
    </ClInclude>
    <ClInclude Include="DirectXGame\engine\DirectX\DepthStencil\DepthStencil.h">
      <Filter>ヘッダー ファイル</Filter>
    </ClInclude>
    <ClInclude Include="DirectXGame\engine\Manager\DSV\DsvManager.h">
      <Filter>ヘッダー ファイル</Filter>
    </ClInclude>
    <ClInclude Include="DirectXGame\engine\Manager\Effect\EffectManager.h">
      <Filter>ヘッダー ファイル</Filter>
    </ClInclude>
    <ClInclude Include="DirectXGame\engine\Manager\Entity3D\Entity3DManager.h">
      <Filter>ヘッダー ファイル</Filter>
    </ClInclude>
    <ClInclude Include="DirectXGame\engine\Manager\Entity2D\Entity2DManager.h">
      <Filter>ヘッダー ファイル</Filter>
    </ClInclude>
    <ClInclude Include="DirectXGame\engine\PSO\CSPSOManager.h">
      <Filter>ヘッダー ファイル</Filter>
    </ClInclude>
    <ClInclude Include="DirectXGame\engine\struct\VertexDeta.h">
      <Filter>ヘッダー ファイル</Filter>
    </ClInclude>
  </ItemGroup>
  <ItemGroup>
    <Text Include="externals\imgui\LICENSE.txt">
      <Filter>imgui</Filter>
    </Text>
  </ItemGroup>
</Project>